PODS:
  - CGXAlertViewController-Swift (1.0.3)

DEPENDENCIES:
  - CGXAlertViewController-Swift (from `../`)

EXTERNAL SOURCES:
  CGXAlertViewController-Swift:
    :path: "../"

SPEC CHECKSUMS:
  CGXAlertViewController-Swift: 020bd3c03a8ab94bea2cd66cbf2e25c449e6535f

PODFILE CHECKSUM: fdd08b65c9f9cb42fb261f836419dcaba06a06f9

COCOAPODS: 1.9.3
